{
    "name": "kernel",
    "version": "0.0.0-development",
    "lockfileVersion": 2,
    "requires": true,
    "packages": {
        "": {
            "name": "kernel",
            "version": "0.0.0-development",
            "dependencies": {
                "typestate": "^1.0.6"
            },
            "engines": {
                "node": ">=18.0.0"
            }
        },
        "node_modules/typestate": {
            "version": "1.0.6",
            "resolved": "https://registry.npmjs.org/typestate/-/typestate-1.0.6.tgz",
            "integrity": "sha512-XfrrS1MV6Z1weckOvG7B5oFjHSygn1lsGOy9+M/H0JNTxzjQG/sipfQHCp3zdaNv0+tSMutO5rL4SskZtfTY3w=="
        }
    },
    "dependencies": {
        "typestate": {
            "version": "1.0.6",
            "resolved": "https://registry.npmjs.org/typestate/-/typestate-1.0.6.tgz",
            "integrity": "sha512-XfrrS1MV6Z1weckOvG7B5oFjHSygn1lsGOy9+M/H0JNTxzjQG/sipfQHCp3zdaNv0+tSMutO5rL4SskZtfTY3w=="
        }
    }
}
